2020-12-17 13:55:29.761201037 +0800 +08 m=+1.001430302
2020-12-17 13:55:34.761647278 +0800 +08 m=+6.001876523
2020-12-17 13:55:39.762296718 +0800 +08 m=+11.002525968
2020-12-17 13:55:44.762864635 +0800 +08 m=+16.003093895
2020-12-17 13:55:49.763349299 +0800 +08 m=+21.003578556
2020-12-17 13:55:54.763933949 +0800 +08 m=+26.004163215
2020-12-17 13:55:59.764315998 +0800 +08 m=+31.004545245
